
Microsoft Visual Studio Solution File, Format Version 12.00
# Visual Studio Version 16
VisualStudioVersion = 16.0.31624.102
MinimumVisualStudioVersion = 10.0.40219.1
Project("{FAE04EC0-301F-11D3-BF4B-00C04F79EFBC}") = "OOPS", "OOPS\OOPS.csproj", "{AC713289-1115-41D5-8BA8-7A914252D685}"
EndProject
Global
	GlobalSection(SolutionConfigurationPlatforms) = preSolution
		Debug|Any CPU = Debug|Any CPU
		Release|Any CPU = Release|Any CPU
	EndGlobalSection
	GlobalSection(ProjectConfigurationPlatforms) = postSolution
		{AC713289-1115-41D5-8BA8-7A914252D685}.Debug|Any CPU.ActiveCfg = Debug|Any CPU
		{AC713289-1115-41D5-8BA8-7A914252D685}.Debug|Any CPU.Build.0 = Debug|Any CPU
		{AC713289-1115-41D5-8BA8-7A914252D685}.Release|Any CPU.ActiveCfg = Release|Any CPU
		{AC713289-1115-41D5-8BA8-7A914252D685}.Release|Any CPU.Build.0 = Release|Any CPU
	EndGlobalSection
	GlobalSection(SolutionProperties) = preSolution
		HideSolutionNode = FALSE
	EndGlobalSection
	GlobalSection(ExtensibilityGlobals) = postSolution
		SolutionGuid = {E26BB7A0-FF97-45B5-8522-9205290942C3}
	EndGlobalSection
EndGlobal
